// !$*UTF8*$!
{
	archiveVersion = 1;
	classes = {
	};
	objectVersion = 56;
	objects = {

/* Begin PBXBuildFile section */
		1634FFC329DD53D50054D499 /* GarbageCalendarApp.swift in Sources */ = {isa = PBXBuildFile; fileRef = 1634FFC229DD53D50054D499 /* GarbageCalendarApp.swift */; };
		1634FFC529DD53D50054D499 /* ContentView.swift in Sources */ = {isa = PBXBuildFile; fileRef = 1634FFC429DD53D50054D499 /* ContentView.swift */; };
		1634FFC729DD53D60054D499 /* Assets.xcassets in Resources */ = {isa = PBXBuildFile; fileRef = 1634FFC629DD53D60054D499 /* Assets.xcassets */; };
		1634FFCA29DD53D60054D499 /* Preview Assets.xcassets in Resources */ = {isa = PBXBuildFile; fileRef = 1634FFC929DD53D60054D499 /* Preview Assets.xcassets */; };
		165FD6F42A25E3D10034ED2F /* GarbageRegistVM.swift in Sources */ = {isa = PBXBuildFile; fileRef = 165FD6F32A25E3D10034ED2F /* GarbageRegistVM.swift */; };
		165FD6F62A25F1A30034ED2F /* GarbageRegistView.swift in Sources */ = {isa = PBXBuildFile; fileRef = 165FD6F52A25F1A30034ED2F /* GarbageRegistView.swift */; };
		165FD6FA2A2600740034ED2F /* FloatingActionButton.swift in Sources */ = {isa = PBXBuildFile; fileRef = 165FD6F92A2600740034ED2F /* FloatingActionButton.swift */; };
		1682EEF72A2DA9CA00066BC0 /* Extension.swift in Sources */ = {isa = PBXBuildFile; fileRef = 1682EEF62A2DA9CA00066BC0 /* Extension.swift */; };
		1682EEF92A2F30C000066BC0 /* UserAddressRegistModel.swift in Sources */ = {isa = PBXBuildFile; fileRef = 1682EEF82A2F30C000066BC0 /* UserAddressRegistModel.swift */; };
		1682EEFD2A2F378100066BC0 /* UserAddressRegistVM.swift in Sources */ = {isa = PBXBuildFile; fileRef = 1682EEFC2A2F378100066BC0 /* UserAddressRegistVM.swift */; };
		1682EEFF2A2F384800066BC0 /* UserAddressRegistView.swift in Sources */ = {isa = PBXBuildFile; fileRef = 1682EEFE2A2F384800066BC0 /* UserAddressRegistView.swift */; };
		1682EF012A3065E500066BC0 /* ApiResponseModel.swift in Sources */ = {isa = PBXBuildFile; fileRef = 1682EF002A3065E500066BC0 /* ApiResponseModel.swift */; };
		1682EF032A342A7F00066BC0 /* Modifier.swift in Sources */ = {isa = PBXBuildFile; fileRef = 1682EF022A342A7F00066BC0 /* Modifier.swift */; };
		168B48C429DD5B1400AB2BD8 /* ParentView.swift in Sources */ = {isa = PBXBuildFile; fileRef = 168B48C029DD5B1400AB2BD8 /* ParentView.swift */; };
		168B48C529DD5B1400AB2BD8 /* AddressRegistView.swift in Sources */ = {isa = PBXBuildFile; fileRef = 168B48C129DD5B1400AB2BD8 /* AddressRegistView.swift */; };
		168B48C629DD5B1400AB2BD8 /* PermitPositionView.swift in Sources */ = {isa = PBXBuildFile; fileRef = 168B48C229DD5B1400AB2BD8 /* PermitPositionView.swift */; };
		168B48C729DD5B1400AB2BD8 /* CalendarView.swift in Sources */ = {isa = PBXBuildFile; fileRef = 168B48C329DD5B1400AB2BD8 /* CalendarView.swift */; };
		168B48CE29DD5B8400AB2BD8 /* Geocoder.swift in Sources */ = {isa = PBXBuildFile; fileRef = 168B48C929DD5B8400AB2BD8 /* Geocoder.swift */; };
		168B48CF29DD5B8400AB2BD8 /* Model.swift in Sources */ = {isa = PBXBuildFile; fileRef = 168B48CA29DD5B8400AB2BD8 /* Model.swift */; };
		168B48D029DD5B8400AB2BD8 /* AddressRegistVM.swift in Sources */ = {isa = PBXBuildFile; fileRef = 168B48CB29DD5B8400AB2BD8 /* AddressRegistVM.swift */; };
		168B48D129DD5B8400AB2BD8 /* UserDataModel.swift in Sources */ = {isa = PBXBuildFile; fileRef = 168B48CC29DD5B8400AB2BD8 /* UserDataModel.swift */; };
		168B48D229DD5B8400AB2BD8 /* AdrSetModel.swift in Sources */ = {isa = PBXBuildFile; fileRef = 168B48CD29DD5B8400AB2BD8 /* AdrSetModel.swift */; };
		168B48D429DD5BB700AB2BD8 /* Const.swift in Sources */ = {isa = PBXBuildFile; fileRef = 168B48D329DD5BB700AB2BD8 /* Const.swift */; };
		168B48D929DD5BCB00AB2BD8 /* PostDataManager.swift in Sources */ = {isa = PBXBuildFile; fileRef = 168B48D629DD5BCB00AB2BD8 /* PostDataManager.swift */; };
		168B48DA29DD5BCB00AB2BD8 /* LocationClient.swift in Sources */ = {isa = PBXBuildFile; fileRef = 168B48D729DD5BCB00AB2BD8 /* LocationClient.swift */; };
		168B48DB29DD5BCB00AB2BD8 /* LocationManager.swift in Sources */ = {isa = PBXBuildFile; fileRef = 168B48D829DD5BCB00AB2BD8 /* LocationManager.swift */; };
		168B48DF29DE73C000AB2BD8 /* EffectProgressView.swift in Sources */ = {isa = PBXBuildFile; fileRef = 168B48DE29DE73C000AB2BD8 /* EffectProgressView.swift */; };
		168B48E129DF019E00AB2BD8 /* GarbageListView.swift in Sources */ = {isa = PBXBuildFile; fileRef = 168B48E029DF019E00AB2BD8 /* GarbageListView.swift */; };
		168B48E329DF026900AB2BD8 /* GarbageRegistModel.swift in Sources */ = {isa = PBXBuildFile; fileRef = 168B48E229DF026900AB2BD8 /* GarbageRegistModel.swift */; };
		168B48E72A0A0BAD00AB2BD8 /* GarbageMapView.swift in Sources */ = {isa = PBXBuildFile; fileRef = 168B48E62A0A0BAD00AB2BD8 /* GarbageMapView.swift */; };
		168B48E92A0A0C1100AB2BD8 /* GarbageVM.swift in Sources */ = {isa = PBXBuildFile; fileRef = 168B48E82A0A0C1100AB2BD8 /* GarbageVM.swift */; };
		168B48EB2A0A421000AB2BD8 /* GarbageParentView.swift in Sources */ = {isa = PBXBuildFile; fileRef = 168B48EA2A0A421000AB2BD8 /* GarbageParentView.swift */; };
		169F8E8F2A22EC900082F330 /* UserDafaultManager.swift in Sources */ = {isa = PBXBuildFile; fileRef = 169F8E8E2A22EC900082F330 /* UserDafaultManager.swift */; };
		169F8E912A243A1F0082F330 /* BaseVM.swift in Sources */ = {isa = PBXBuildFile; fileRef = 169F8E902A243A1F0082F330 /* BaseVM.swift */; };
		16B023C92A371828002193AE /* Test.swift in Sources */ = {isa = PBXBuildFile; fileRef = 16B023C82A371828002193AE /* Test.swift */; };
		19ADED0DC469281A6F420C01 /* Pods_GarbageCalendar.framework in Frameworks */ = {isa = PBXBuildFile; fileRef = 6AE3E37CCD19876C3BC7E687 /* Pods_GarbageCalendar.framework */; };
/* End PBXBuildFile section */

/* Begin PBXFileReference section */
		1634FFBF29DD53D50054D499 /* GarbageCalendar.app */ = {isa = PBXFileReference; explicitFileType = wrapper.application; includeInIndex = 0; path = GarbageCalendar.app; sourceTree = BUILT_PRODUCTS_DIR; };
		1634FFC229DD53D50054D499 /* GarbageCalendarApp.swift */ = {isa = PBXFileReference; lastKnownFileType = sourcecode.swift; path = GarbageCalendarApp.swift; sourceTree = "<group>"; };
		1634FFC429DD53D50054D499 /* ContentView.swift */ = {isa = PBXFileReference; lastKnownFileType = sourcecode.swift; path = ContentView.swift; sourceTree = "<group>"; };
		1634FFC629DD53D60054D499 /* Assets.xcassets */ = {isa = PBXFileReference; lastKnownFileType = folder.assetcatalog; path = Assets.xcassets; sourceTree = "<group>"; };
		1634FFC929DD53D60054D499 /* Preview Assets.xcassets */ = {isa = PBXFileReference; lastKnownFileType = folder.assetcatalog; path = "Preview Assets.xcassets"; sourceTree = "<group>"; };
		165FD6F22A2477E70034ED2F /* Info.plist */ = {isa = PBXFileReference; lastKnownFileType = text.plist; path = Info.plist; sourceTree = "<group>"; };
		165FD6F32A25E3D10034ED2F /* GarbageRegistVM.swift */ = {isa = PBXFileReference; lastKnownFileType = sourcecode.swift; path = GarbageRegistVM.swift; sourceTree = "<group>"; };
		165FD6F52A25F1A30034ED2F /* GarbageRegistView.swift */ = {isa = PBXFileReference; lastKnownFileType = sourcecode.swift; path = GarbageRegistView.swift; sourceTree = "<group>"; };
		165FD6F92A2600740034ED2F /* FloatingActionButton.swift */ = {isa = PBXFileReference; lastKnownFileType = sourcecode.swift; path = FloatingActionButton.swift; sourceTree = "<group>"; };
		1682EEF62A2DA9CA00066BC0 /* Extension.swift */ = {isa = PBXFileReference; lastKnownFileType = sourcecode.swift; path = Extension.swift; sourceTree = "<group>"; };
		1682EEF82A2F30C000066BC0 /* UserAddressRegistModel.swift */ = {isa = PBXFileReference; lastKnownFileType = sourcecode.swift; path = UserAddressRegistModel.swift; sourceTree = "<group>"; };
		1682EEFC2A2F378100066BC0 /* UserAddressRegistVM.swift */ = {isa = PBXFileReference; lastKnownFileType = sourcecode.swift; path = UserAddressRegistVM.swift; sourceTree = "<group>"; };
		1682EEFE2A2F384800066BC0 /* UserAddressRegistView.swift */ = {isa = PBXFileReference; lastKnownFileType = sourcecode.swift; path = UserAddressRegistView.swift; sourceTree = "<group>"; };
		1682EF002A3065E500066BC0 /* ApiResponseModel.swift */ = {isa = PBXFileReference; lastKnownFileType = sourcecode.swift; path = ApiResponseModel.swift; sourceTree = "<group>"; };
		1682EF022A342A7F00066BC0 /* Modifier.swift */ = {isa = PBXFileReference; lastKnownFileType = sourcecode.swift; path = Modifier.swift; sourceTree = "<group>"; };
		168B48C029DD5B1400AB2BD8 /* ParentView.swift */ = {isa = PBXFileReference; fileEncoding = 4; lastKnownFileType = sourcecode.swift; path = ParentView.swift; sourceTree = "<group>"; };
		168B48C129DD5B1400AB2BD8 /* AddressRegistView.swift */ = {isa = PBXFileReference; fileEncoding = 4; lastKnownFileType = sourcecode.swift; path = AddressRegistView.swift; sourceTree = "<group>"; };
		168B48C229DD5B1400AB2BD8 /* PermitPositionView.swift */ = {isa = PBXFileReference; fileEncoding = 4; lastKnownFileType = sourcecode.swift; path = PermitPositionView.swift; sourceTree = "<group>"; };
		168B48C329DD5B1400AB2BD8 /* CalendarView.swift */ = {isa = PBXFileReference; fileEncoding = 4; lastKnownFileType = sourcecode.swift; path = CalendarView.swift; sourceTree = "<group>"; };
		168B48C929DD5B8400AB2BD8 /* Geocoder.swift */ = {isa = PBXFileReference; fileEncoding = 4; lastKnownFileType = sourcecode.swift; path = Geocoder.swift; sourceTree = "<group>"; };
		168B48CA29DD5B8400AB2BD8 /* Model.swift */ = {isa = PBXFileReference; fileEncoding = 4; lastKnownFileType = sourcecode.swift; path = Model.swift; sourceTree = "<group>"; };
		168B48CB29DD5B8400AB2BD8 /* AddressRegistVM.swift */ = {isa = PBXFileReference; fileEncoding = 4; lastKnownFileType = sourcecode.swift; path = AddressRegistVM.swift; sourceTree = "<group>"; };
		168B48CC29DD5B8400AB2BD8 /* UserDataModel.swift */ = {isa = PBXFileReference; fileEncoding = 4; lastKnownFileType = sourcecode.swift; path = UserDataModel.swift; sourceTree = "<group>"; };
		168B48CD29DD5B8400AB2BD8 /* AdrSetModel.swift */ = {isa = PBXFileReference; fileEncoding = 4; lastKnownFileType = sourcecode.swift; path = AdrSetModel.swift; sourceTree = "<group>"; };
		168B48D329DD5BB700AB2BD8 /* Const.swift */ = {isa = PBXFileReference; fileEncoding = 4; lastKnownFileType = sourcecode.swift; path = Const.swift; sourceTree = "<group>"; };
		168B48D629DD5BCB00AB2BD8 /* PostDataManager.swift */ = {isa = PBXFileReference; fileEncoding = 4; lastKnownFileType = sourcecode.swift; path = PostDataManager.swift; sourceTree = "<group>"; };
		168B48D729DD5BCB00AB2BD8 /* LocationClient.swift */ = {isa = PBXFileReference; fileEncoding = 4; lastKnownFileType = sourcecode.swift; path = LocationClient.swift; sourceTree = "<group>"; };
		168B48D829DD5BCB00AB2BD8 /* LocationManager.swift */ = {isa = PBXFileReference; fileEncoding = 4; lastKnownFileType = sourcecode.swift; path = LocationManager.swift; sourceTree = "<group>"; };
		168B48DE29DE73C000AB2BD8 /* EffectProgressView.swift */ = {isa = PBXFileReference; lastKnownFileType = sourcecode.swift; path = EffectProgressView.swift; sourceTree = "<group>"; };
		168B48E029DF019E00AB2BD8 /* GarbageListView.swift */ = {isa = PBXFileReference; lastKnownFileType = sourcecode.swift; path = GarbageListView.swift; sourceTree = "<group>"; };
		168B48E229DF026900AB2BD8 /* GarbageRegistModel.swift */ = {isa = PBXFileReference; lastKnownFileType = sourcecode.swift; path = GarbageRegistModel.swift; sourceTree = "<group>"; };
		168B48E62A0A0BAD00AB2BD8 /* GarbageMapView.swift */ = {isa = PBXFileReference; lastKnownFileType = sourcecode.swift; path = GarbageMapView.swift; sourceTree = "<group>"; };
		168B48E82A0A0C1100AB2BD8 /* GarbageVM.swift */ = {isa = PBXFileReference; lastKnownFileType = sourcecode.swift; path = GarbageVM.swift; sourceTree = "<group>"; };
		168B48EA2A0A421000AB2BD8 /* GarbageParentView.swift */ = {isa = PBXFileReference; lastKnownFileType = sourcecode.swift; path = GarbageParentView.swift; sourceTree = "<group>"; };
		169F8E8E2A22EC900082F330 /* UserDafaultManager.swift */ = {isa = PBXFileReference; lastKnownFileType = sourcecode.swift; path = UserDafaultManager.swift; sourceTree = "<group>"; };
		169F8E902A243A1F0082F330 /* BaseVM.swift */ = {isa = PBXFileReference; lastKnownFileType = sourcecode.swift; path = BaseVM.swift; sourceTree = "<group>"; };
		16B023C82A371828002193AE /* Test.swift */ = {isa = PBXFileReference; lastKnownFileType = sourcecode.swift; path = Test.swift; sourceTree = "<group>"; };
		6AE3E37CCD19876C3BC7E687 /* Pods_GarbageCalendar.framework */ = {isa = PBXFileReference; explicitFileType = wrapper.framework; includeInIndex = 0; path = Pods_GarbageCalendar.framework; sourceTree = BUILT_PRODUCTS_DIR; };
		7FCCB095321E5C23B4AB8E78 /* Pods-GarbageCalendar.debug.xcconfig */ = {isa = PBXFileReference; includeInIndex = 1; lastKnownFileType = text.xcconfig; name = "Pods-GarbageCalendar.debug.xcconfig"; path = "Target Support Files/Pods-GarbageCalendar/Pods-GarbageCalendar.debug.xcconfig"; sourceTree = "<group>"; };
		CB78471A23B4A4BBBC9B6A85 /* Pods-GarbageCalendar.release.xcconfig */ = {isa = PBXFileReference; includeInIndex = 1; lastKnownFileType = text.xcconfig; name = "Pods-GarbageCalendar.release.xcconfig"; path = "Target Support Files/Pods-GarbageCalendar/Pods-GarbageCalendar.release.xcconfig"; sourceTree = "<group>"; };
/* End PBXFileReference section */

/* Begin PBXFrameworksBuildPhase section */
		1634FFBC29DD53D50054D499 /* Frameworks */ = {
			isa = PBXFrameworksBuildPhase;
			buildActionMask = 2147483647;
			files = (
				19ADED0DC469281A6F420C01 /* Pods_GarbageCalendar.framework in Frameworks */,
			);
			runOnlyForDeploymentPostprocessing = 0;
		};
/* End PBXFrameworksBuildPhase section */

/* Begin PBXGroup section */
		00F79D767BD2BA5C4A82E279 /* Pods */ = {
			isa = PBXGroup;
			children = (
				7FCCB095321E5C23B4AB8E78 /* Pods-GarbageCalendar.debug.xcconfig */,
				CB78471A23B4A4BBBC9B6A85 /* Pods-GarbageCalendar.release.xcconfig */,
			);
			path = Pods;
			sourceTree = "<group>";
		};
		1634FFB629DD53D50054D499 = {
			isa = PBXGroup;
			children = (
				1634FFC129DD53D50054D499 /* GarbageCalendar */,
				1634FFC029DD53D50054D499 /* Products */,
				00F79D767BD2BA5C4A82E279 /* Pods */,
				68526BBEDD76454A39A7D828 /* Frameworks */,
			);
			sourceTree = "<group>";
		};
		1634FFC029DD53D50054D499 /* Products */ = {
			isa = PBXGroup;
			children = (
				1634FFBF29DD53D50054D499 /* GarbageCalendar.app */,
			);
			name = Products;
			sourceTree = "<group>";
		};
		1634FFC129DD53D50054D499 /* GarbageCalendar */ = {
			isa = PBXGroup;
			children = (
				165FD6F22A2477E70034ED2F /* Info.plist */,
				168B48DD29DE739E00AB2BD8 /* Util */,
				168B48DC29DE61BF00AB2BD8 /* ViewModel */,
				168B48D529DD5BCB00AB2BD8 /* Manager */,
				168B48BF29DD5B1400AB2BD8 /* Views */,
				168B48C829DD5B8400AB2BD8 /* Models */,
				1634FFC229DD53D50054D499 /* GarbageCalendarApp.swift */,
				1634FFC429DD53D50054D499 /* ContentView.swift */,
				1634FFC629DD53D60054D499 /* Assets.xcassets */,
				1634FFC829DD53D60054D499 /* Preview Content */,
			);
			path = GarbageCalendar;
			sourceTree = "<group>";
		};
		1634FFC829DD53D60054D499 /* Preview Content */ = {
			isa = PBXGroup;
			children = (
				1634FFC929DD53D60054D499 /* Preview Assets.xcassets */,
			);
			path = "Preview Content";
			sourceTree = "<group>";
		};
		165FD6F82A2600580034ED2F /* Custom */ = {
			isa = PBXGroup;
			children = (
				168B48DE29DE73C000AB2BD8 /* EffectProgressView.swift */,
				165FD6F92A2600740034ED2F /* FloatingActionButton.swift */,
				1682EF022A342A7F00066BC0 /* Modifier.swift */,
			);
			path = Custom;
			sourceTree = "<group>";
		};
		168B48BF29DD5B1400AB2BD8 /* Views */ = {
			isa = PBXGroup;
			children = (
				165FD6F82A2600580034ED2F /* Custom */,
				168B48C029DD5B1400AB2BD8 /* ParentView.swift */,
				168B48C229DD5B1400AB2BD8 /* PermitPositionView.swift */,
				168B48C129DD5B1400AB2BD8 /* AddressRegistView.swift */,
				168B48EA2A0A421000AB2BD8 /* GarbageParentView.swift */,
				168B48E029DF019E00AB2BD8 /* GarbageListView.swift */,
				168B48E62A0A0BAD00AB2BD8 /* GarbageMapView.swift */,
				168B48C329DD5B1400AB2BD8 /* CalendarView.swift */,
				165FD6F52A25F1A30034ED2F /* GarbageRegistView.swift */,
				1682EEFE2A2F384800066BC0 /* UserAddressRegistView.swift */,
				16B023C82A371828002193AE /* Test.swift */,
			);
			path = Views;
			sourceTree = "<group>";
		};
		168B48C829DD5B8400AB2BD8 /* Models */ = {
			isa = PBXGroup;
			children = (
				168B48C929DD5B8400AB2BD8 /* Geocoder.swift */,
				168B48CA29DD5B8400AB2BD8 /* Model.swift */,
				168B48CC29DD5B8400AB2BD8 /* UserDataModel.swift */,
				168B48E229DF026900AB2BD8 /* GarbageRegistModel.swift */,
				168B48CD29DD5B8400AB2BD8 /* AdrSetModel.swift */,
				1682EEF82A2F30C000066BC0 /* UserAddressRegistModel.swift */,
				1682EF002A3065E500066BC0 /* ApiResponseModel.swift */,
			);
			path = Models;
			sourceTree = "<group>";
		};
		168B48D529DD5BCB00AB2BD8 /* Manager */ = {
			isa = PBXGroup;
			children = (
				168B48D629DD5BCB00AB2BD8 /* PostDataManager.swift */,
				168B48D729DD5BCB00AB2BD8 /* LocationClient.swift */,
				168B48D829DD5BCB00AB2BD8 /* LocationManager.swift */,
			);
			path = Manager;
			sourceTree = "<group>";
		};
		168B48DC29DE61BF00AB2BD8 /* ViewModel */ = {
			isa = PBXGroup;
			children = (
				169F8E902A243A1F0082F330 /* BaseVM.swift */,
				168B48CB29DD5B8400AB2BD8 /* AddressRegistVM.swift */,
				168B48E82A0A0C1100AB2BD8 /* GarbageVM.swift */,
				165FD6F32A25E3D10034ED2F /* GarbageRegistVM.swift */,
				1682EEFC2A2F378100066BC0 /* UserAddressRegistVM.swift */,
			);
			path = ViewModel;
			sourceTree = "<group>";
		};
		168B48DD29DE739E00AB2BD8 /* Util */ = {
			isa = PBXGroup;
			children = (
				168B48D329DD5BB700AB2BD8 /* Const.swift */,
				169F8E8E2A22EC900082F330 /* UserDafaultManager.swift */,
				1682EEF62A2DA9CA00066BC0 /* Extension.swift */,
			);
			path = Util;
			sourceTree = "<group>";
		};
		68526BBEDD76454A39A7D828 /* Frameworks */ = {
			isa = PBXGroup;
			children = (
				6AE3E37CCD19876C3BC7E687 /* Pods_GarbageCalendar.framework */,
			);
			name = Frameworks;
			sourceTree = "<group>";
		};
/* End PBXGroup section */

/* Begin PBXNativeTarget section */
		1634FFBE29DD53D50054D499 /* GarbageCalendar */ = {
			isa = PBXNativeTarget;
			buildConfigurationList = 1634FFCD29DD53D60054D499 /* Build configuration list for PBXNativeTarget "GarbageCalendar" */;
			buildPhases = (
				C00A3242A5A01C9D5E9B624C /* [CP] Check Pods Manifest.lock */,
				1634FFBB29DD53D50054D499 /* Sources */,
				1634FFBC29DD53D50054D499 /* Frameworks */,
				1634FFBD29DD53D50054D499 /* Resources */,
				10B476574B93CCB637FB6204 /* [CP] Embed Pods Frameworks */,
			);
			buildRules = (
			);
			dependencies = (
			);
			name = GarbageCalendar;
			productName = GarbageCalendar;
			productReference = 1634FFBF29DD53D50054D499 /* GarbageCalendar.app */;
			productType = "com.apple.product-type.application";
		};
/* End PBXNativeTarget section */

/* Begin PBXProject section */
		1634FFB729DD53D50054D499 /* Project object */ = {
			isa = PBXProject;
			attributes = {
				BuildIndependentTargetsInParallel = 1;
				LastSwiftUpdateCheck = 1430;
				LastUpgradeCheck = 1430;
				TargetAttributes = {
					1634FFBE29DD53D50054D499 = {
						CreatedOnToolsVersion = 14.3;
					};
				};
			};
			buildConfigurationList = 1634FFBA29DD53D50054D499 /* Build configuration list for PBXProject "GarbageCalendar" */;
			compatibilityVersion = "Xcode 14.0";
			developmentRegion = en;
			hasScannedForEncodings = 0;
			knownRegions = (
				en,
				Base,
			);
			mainGroup = 1634FFB629DD53D50054D499;
			productRefGroup = 1634FFC029DD53D50054D499 /* Products */;
			projectDirPath = "";
			projectRoot = "";
			targets = (
				1634FFBE29DD53D50054D499 /* GarbageCalendar */,
			);
		};
/* End PBXProject section */

/* Begin PBXResourcesBuildPhase section */
		1634FFBD29DD53D50054D499 /* Resources */ = {
			isa = PBXResourcesBuildPhase;
			buildActionMask = 2147483647;
			files = (
				1634FFCA29DD53D60054D499 /* Preview Assets.xcassets in Resources */,
				1634FFC729DD53D60054D499 /* Assets.xcassets in Resources */,
			);
			runOnlyForDeploymentPostprocessing = 0;
		};
/* End PBXResourcesBuildPhase section */

/* Begin PBXShellScriptBuildPhase section */
		10B476574B93CCB637FB6204 /* [CP] Embed Pods Frameworks */ = {
			isa = PBXShellScriptBuildPhase;
			buildActionMask = 2147483647;
			files = (
			);
			inputFileListPaths = (
				"${PODS_ROOT}/Target Support Files/Pods-GarbageCalendar/Pods-GarbageCalendar-frameworks-${CONFIGURATION}-input-files.xcfilelist",
			);
			name = "[CP] Embed Pods Frameworks";
			outputFileListPaths = (
				"${PODS_ROOT}/Target Support Files/Pods-GarbageCalendar/Pods-GarbageCalendar-frameworks-${CONFIGURATION}-output-files.xcfilelist",
			);
			runOnlyForDeploymentPostprocessing = 0;
			shellPath = /bin/sh;
			shellScript = "\"${PODS_ROOT}/Target Support Files/Pods-GarbageCalendar/Pods-GarbageCalendar-frameworks.sh\"\n";
			showEnvVarsInLog = 0;
		};
		C00A3242A5A01C9D5E9B624C /* [CP] Check Pods Manifest.lock */ = {
			isa = PBXShellScriptBuildPhase;
			buildActionMask = 2147483647;
			files = (
			);
			inputFileListPaths = (
			);
			inputPaths = (
				"${PODS_PODFILE_DIR_PATH}/Podfile.lock",
				"${PODS_ROOT}/Manifest.lock",
			);
			name = "[CP] Check Pods Manifest.lock";
			outputFileListPaths = (
			);
			outputPaths = (
				"$(DERIVED_FILE_DIR)/Pods-GarbageCalendar-checkManifestLockResult.txt",
			);
			runOnlyForDeploymentPostprocessing = 0;
			shellPath = /bin/sh;
			shellScript = "diff \"${PODS_PODFILE_DIR_PATH}/Podfile.lock\" \"${PODS_ROOT}/Manifest.lock\" > /dev/null\nif [ $? != 0 ] ; then\n    # print error to STDERR\n    echo \"error: The sandbox is not in sync with the Podfile.lock. Run 'pod install' or update your CocoaPods installation.\" >&2\n    exit 1\nfi\n# This output is used by Xcode 'outputs' to avoid re-running this script phase.\necho \"SUCCESS\" > \"${SCRIPT_OUTPUT_FILE_0}\"\n";
			showEnvVarsInLog = 0;
		};
/* End PBXShellScriptBuildPhase section */

/* Begin PBXSourcesBuildPhase section */
		1634FFBB29DD53D50054D499 /* Sources */ = {
			isa = PBXSourcesBuildPhase;
			buildActionMask = 2147483647;
			files = (
				168B48EB2A0A421000AB2BD8 /* GarbageParentView.swift in Sources */,
				168B48C629DD5B1400AB2BD8 /* PermitPositionView.swift in Sources */,
				168B48CE29DD5B8400AB2BD8 /* Geocoder.swift in Sources */,
				168B48DF29DE73C000AB2BD8 /* EffectProgressView.swift in Sources */,
				1682EEFF2A2F384800066BC0 /* UserAddressRegistView.swift in Sources */,
				16B023C92A371828002193AE /* Test.swift in Sources */,
				168B48E329DF026900AB2BD8 /* GarbageRegistModel.swift in Sources */,
				1682EF012A3065E500066BC0 /* ApiResponseModel.swift in Sources */,
				168B48DB29DD5BCB00AB2BD8 /* LocationManager.swift in Sources */,
				168B48D229DD5B8400AB2BD8 /* AdrSetModel.swift in Sources */,
				168B48D129DD5B8400AB2BD8 /* UserDataModel.swift in Sources */,
				168B48D929DD5BCB00AB2BD8 /* PostDataManager.swift in Sources */,
				168B48E129DF019E00AB2BD8 /* GarbageListView.swift in Sources */,
				1682EEFD2A2F378100066BC0 /* UserAddressRegistVM.swift in Sources */,
				165FD6F62A25F1A30034ED2F /* GarbageRegistView.swift in Sources */,
				165FD6FA2A2600740034ED2F /* FloatingActionButton.swift in Sources */,
				1634FFC529DD53D50054D499 /* ContentView.swift in Sources */,
				168B48D429DD5BB700AB2BD8 /* Const.swift in Sources */,
				169F8E912A243A1F0082F330 /* BaseVM.swift in Sources */,
				169F8E8F2A22EC900082F330 /* UserDafaultManager.swift in Sources */,
				168B48C729DD5B1400AB2BD8 /* CalendarView.swift in Sources */,
				168B48C429DD5B1400AB2BD8 /* ParentView.swift in Sources */,
				168B48DA29DD5BCB00AB2BD8 /* LocationClient.swift in Sources */,
				1634FFC329DD53D50054D499 /* GarbageCalendarApp.swift in Sources */,
				165FD6F42A25E3D10034ED2F /* GarbageRegistVM.swift in Sources */,
				1682EF032A342A7F00066BC0 /* Modifier.swift in Sources */,
				168B48C529DD5B1400AB2BD8 /* AddressRegistView.swift in Sources */,
				1682EEF92A2F30C000066BC0 /* UserAddressRegistModel.swift in Sources */,
				1682EEF72A2DA9CA00066BC0 /* Extension.swift in Sources */,
				168B48E72A0A0BAD00AB2BD8 /* GarbageMapView.swift in Sources */,
				168B48D029DD5B8400AB2BD8 /* AddressRegistVM.swift in Sources */,
				168B48E92A0A0C1100AB2BD8 /* GarbageVM.swift in Sources */,
				168B48CF29DD5B8400AB2BD8 /* Model.swift in Sources */,
			);
			runOnlyForDeploymentPostprocessing = 0;
		};
/* End PBXSourcesBuildPhase section */

/* Begin XCBuildConfiguration section */
		1634FFCB29DD53D60054D499 /* Debug */ = {
			isa = XCBuildConfiguration;
			buildSettings = {
				ALWAYS_SEARCH_USER_PATHS = NO;
				CLANG_ANALYZER_NONNULL = YES;
				CLANG_ANALYZER_NUMBER_OBJECT_CONVERSION = YES_AGGRESSIVE;
				CLANG_CXX_LANGUAGE_STANDARD = "gnu++20";
				CLANG_ENABLE_MODULES = YES;
				CLANG_ENABLE_OBJC_ARC = YES;
				CLANG_ENABLE_OBJC_WEAK = YES;
				CLANG_WARN_BLOCK_CAPTURE_AUTORELEASING = YES;
				CLANG_WARN_BOOL_CONVERSION = YES;
				CLANG_WARN_COMMA = YES;
				CLANG_WARN_CONSTANT_CONVERSION = YES;
				CLANG_WARN_DEPRECATED_OBJC_IMPLEMENTATIONS = YES;
				CLANG_WARN_DIRECT_OBJC_ISA_USAGE = YES_ERROR;
				CLANG_WARN_DOCUMENTATION_COMMENTS = YES;
				CLANG_WARN_EMPTY_BODY = YES;
				CLANG_WARN_ENUM_CONVERSION = YES;
				CLANG_WARN_INFINITE_RECURSION = YES;
				CLANG_WARN_INT_CONVERSION = YES;
				CLANG_WARN_NON_LITERAL_NULL_CONVERSION = YES;
				CLANG_WARN_OBJC_IMPLICIT_RETAIN_SELF = YES;
				CLANG_WARN_OBJC_LITERAL_CONVERSION = YES;
				CLANG_WARN_OBJC_ROOT_CLASS = YES_ERROR;
				CLANG_WARN_QUOTED_INCLUDE_IN_FRAMEWORK_HEADER = YES;
				CLANG_WARN_RANGE_LOOP_ANALYSIS = YES;
				CLANG_WARN_STRICT_PROTOTYPES = YES;
				CLANG_WARN_SUSPICIOUS_MOVE = YES;
				CLANG_WARN_UNGUARDED_AVAILABILITY = YES_AGGRESSIVE;
				CLANG_WARN_UNREACHABLE_CODE = YES;
				CLANG_WARN__DUPLICATE_METHOD_MATCH = YES;
				COPY_PHASE_STRIP = NO;
				DEBUG_INFORMATION_FORMAT = dwarf;
				ENABLE_STRICT_OBJC_MSGSEND = YES;
				ENABLE_TESTABILITY = YES;
				GCC_C_LANGUAGE_STANDARD = gnu11;
				GCC_DYNAMIC_NO_PIC = NO;
				GCC_NO_COMMON_BLOCKS = YES;
				GCC_OPTIMIZATION_LEVEL = 0;
				GCC_PREPROCESSOR_DEFINITIONS = (
					"DEBUG=1",
					"$(inherited)",
				);
				GCC_WARN_64_TO_32_BIT_CONVERSION = YES;
				GCC_WARN_ABOUT_RETURN_TYPE = YES_ERROR;
				GCC_WARN_UNDECLARED_SELECTOR = YES;
				GCC_WARN_UNINITIALIZED_AUTOS = YES_AGGRESSIVE;
				GCC_WARN_UNUSED_FUNCTION = YES;
				GCC_WARN_UNUSED_VARIABLE = YES;
				IPHONEOS_DEPLOYMENT_TARGET = 16.0;
				MTL_ENABLE_DEBUG_INFO = INCLUDE_SOURCE;
				MTL_FAST_MATH = YES;
				ONLY_ACTIVE_ARCH = YES;
				SDKROOT = iphoneos;
				SWIFT_ACTIVE_COMPILATION_CONDITIONS = DEBUG;
				SWIFT_OPTIMIZATION_LEVEL = "-Onone";
			};
			name = Debug;
		};
		1634FFCC29DD53D60054D499 /* Release */ = {
			isa = XCBuildConfiguration;
			buildSettings = {
				ALWAYS_SEARCH_USER_PATHS = NO;
				CLANG_ANALYZER_NONNULL = YES;
				CLANG_ANALYZER_NUMBER_OBJECT_CONVERSION = YES_AGGRESSIVE;
				CLANG_CXX_LANGUAGE_STANDARD = "gnu++20";
				CLANG_ENABLE_MODULES = YES;
				CLANG_ENABLE_OBJC_ARC = YES;
				CLANG_ENABLE_OBJC_WEAK = YES;
				CLANG_WARN_BLOCK_CAPTURE_AUTORELEASING = YES;
				CLANG_WARN_BOOL_CONVERSION = YES;
				CLANG_WARN_COMMA = YES;
				CLANG_WARN_CONSTANT_CONVERSION = YES;
				CLANG_WARN_DEPRECATED_OBJC_IMPLEMENTATIONS = YES;
				CLANG_WARN_DIRECT_OBJC_ISA_USAGE = YES_ERROR;
				CLANG_WARN_DOCUMENTATION_COMMENTS = YES;
				CLANG_WARN_EMPTY_BODY = YES;
				CLANG_WARN_ENUM_CONVERSION = YES;
				CLANG_WARN_INFINITE_RECURSION = YES;
				CLANG_WARN_INT_CONVERSION = YES;
				CLANG_WARN_NON_LITERAL_NULL_CONVERSION = YES;
				CLANG_WARN_OBJC_IMPLICIT_RETAIN_SELF = YES;
				CLANG_WARN_OBJC_LITERAL_CONVERSION = YES;
				CLANG_WARN_OBJC_ROOT_CLASS = YES_ERROR;
				CLANG_WARN_QUOTED_INCLUDE_IN_FRAMEWORK_HEADER = YES;
				CLANG_WARN_RANGE_LOOP_ANALYSIS = YES;
				CLANG_WARN_STRICT_PROTOTYPES = YES;
				CLANG_WARN_SUSPICIOUS_MOVE = YES;
				CLANG_WARN_UNGUARDED_AVAILABILITY = YES_AGGRESSIVE;
				CLANG_WARN_UNREACHABLE_CODE = YES;
				CLANG_WARN__DUPLICATE_METHOD_MATCH = YES;
				COPY_PHASE_STRIP = NO;
				DEBUG_INFORMATION_FORMAT = "dwarf-with-dsym";
				ENABLE_NS_ASSERTIONS = NO;
				ENABLE_STRICT_OBJC_MSGSEND = YES;
				GCC_C_LANGUAGE_STANDARD = gnu11;
				GCC_NO_COMMON_BLOCKS = YES;
				GCC_WARN_64_TO_32_BIT_CONVERSION = YES;
				GCC_WARN_ABOUT_RETURN_TYPE = YES_ERROR;
				GCC_WARN_UNDECLARED_SELECTOR = YES;
				GCC_WARN_UNINITIALIZED_AUTOS = YES_AGGRESSIVE;
				GCC_WARN_UNUSED_FUNCTION = YES;
				GCC_WARN_UNUSED_VARIABLE = YES;
				IPHONEOS_DEPLOYMENT_TARGET = 16.0;
				MTL_ENABLE_DEBUG_INFO = NO;
				MTL_FAST_MATH = YES;
				SDKROOT = iphoneos;
				SWIFT_COMPILATION_MODE = wholemodule;
				SWIFT_OPTIMIZATION_LEVEL = "-O";
				VALIDATE_PRODUCT = YES;
			};
			name = Release;
		};
		1634FFCE29DD53D60054D499 /* Debug */ = {
			isa = XCBuildConfiguration;
			baseConfigurationReference = 7FCCB095321E5C23B4AB8E78 /* Pods-GarbageCalendar.debug.xcconfig */;
			buildSettings = {
				ASSETCATALOG_COMPILER_APPICON_NAME = AppIcon;
				ASSETCATALOG_COMPILER_GLOBAL_ACCENT_COLOR_NAME = AccentColor;
				CODE_SIGN_STYLE = Automatic;
				CURRENT_PROJECT_VERSION = 1;
				DEVELOPMENT_ASSET_PATHS = "\"GarbageCalendar/Preview Content\"";
				DEVELOPMENT_TEAM = 27PDE49Z62;
				ENABLE_PREVIEWS = YES;
				GENERATE_INFOPLIST_FILE = YES;
				INFOPLIST_FILE = GarbageCalendar/Info.plist;
				INFOPLIST_KEY_UIApplicationSceneManifest_Generation = YES;
				INFOPLIST_KEY_UIApplicationSupportsIndirectInputEvents = YES;
				INFOPLIST_KEY_UILaunchScreen_Generation = YES;
				INFOPLIST_KEY_UISupportedInterfaceOrientations_iPad = "UIInterfaceOrientationPortrait UIInterfaceOrientationPortraitUpsideDown UIInterfaceOrientationLandscapeLeft UIInterfaceOrientationLandscapeRight";
				INFOPLIST_KEY_UISupportedInterfaceOrientations_iPhone = "UIInterfaceOrientationPortrait UIInterfaceOrientationLandscapeLeft UIInterfaceOrientationLandscapeRight";
				IPHONEOS_DEPLOYMENT_TARGET = 16.0;
				LD_RUNPATH_SEARCH_PATHS = (
					"$(inherited)",
					"@executable_path/Frameworks",
				);
				MARKETING_VERSION = 1.0;
				PRODUCT_BUNDLE_IDENTIFIER = yosuke.GarbageCalendar;
				PRODUCT_NAME = "$(TARGET_NAME)";
				SWIFT_EMIT_LOC_STRINGS = YES;
				SWIFT_VERSION = 5.0;
				TARGETED_DEVICE_FAMILY = "1,2";
			};
			name = Debug;
		};
		1634FFCF29DD53D60054D499 /* Release */ = {
			isa = XCBuildConfiguration;
			baseConfigurationReference = CB78471A23B4A4BBBC9B6A85 /* Pods-GarbageCalendar.release.xcconfig */;
			buildSettings = {
				ASSETCATALOG_COMPILER_APPICON_NAME = AppIcon;
				ASSETCATALOG_COMPILER_GLOBAL_ACCENT_COLOR_NAME = AccentColor;
				CODE_SIGN_STYLE = Automatic;
				CURRENT_PROJECT_VERSION = 1;
				DEVELOPMENT_ASSET_PATHS = "\"GarbageCalendar/Preview Content\"";
				DEVELOPMENT_TEAM = 27PDE49Z62;
				ENABLE_PREVIEWS = YES;
				GENERATE_INFOPLIST_FILE = YES;
				INFOPLIST_FILE = GarbageCalendar/Info.plist;
				INFOPLIST_KEY_UIApplicationSceneManifest_Generation = YES;
				INFOPLIST_KEY_UIApplicationSupportsIndirectInputEvents = YES;
				INFOPLIST_KEY_UILaunchScreen_Generation = YES;
				INFOPLIST_KEY_UISupportedInterfaceOrientations_iPad = "UIInterfaceOrientationPortrait UIInterfaceOrientationPortraitUpsideDown UIInterfaceOrientationLandscapeLeft UIInterfaceOrientationLandscapeRight";
				INFOPLIST_KEY_UISupportedInterfaceOrientations_iPhone = "UIInterfaceOrientationPortrait UIInterfaceOrientationLandscapeLeft UIInterfaceOrientationLandscapeRight";
				IPHONEOS_DEPLOYMENT_TARGET = 16.0;
				LD_RUNPATH_SEARCH_PATHS = (
					"$(inherited)",
					"@executable_path/Frameworks",
				);
				MARKETING_VERSION = 1.0;
				PRODUCT_BUNDLE_IDENTIFIER = yosuke.GarbageCalendar;
				PRODUCT_NAME = "$(TARGET_NAME)";
				SWIFT_EMIT_LOC_STRINGS = YES;
				SWIFT_VERSION = 5.0;
				TARGETED_DEVICE_FAMILY = "1,2";
			};
			name = Release;
		};
/* End XCBuildConfiguration section */

/* Begin XCConfigurationList section */
		1634FFBA29DD53D50054D499 /* Build configuration list for PBXProject "GarbageCalendar" */ = {
			isa = XCConfigurationList;
			buildConfigurations = (
				1634FFCB29DD53D60054D499 /* Debug */,
				1634FFCC29DD53D60054D499 /* Release */,
			);
			defaultConfigurationIsVisible = 0;
			defaultConfigurationName = Release;
		};
		1634FFCD29DD53D60054D499 /* Build configuration list for PBXNativeTarget "GarbageCalendar" */ = {
			isa = XCConfigurationList;
			buildConfigurations = (
				1634FFCE29DD53D60054D499 /* Debug */,
				1634FFCF29DD53D60054D499 /* Release */,
			);
			defaultConfigurationIsVisible = 0;
			defaultConfigurationName = Release;
		};
/* End XCConfigurationList section */
	};
	rootObject = 1634FFB729DD53D50054D499 /* Project object */;
}
